{
  "name": "fake-data",
  "version": "1.0.0",
  "lockfileVersion": 1,
  "requires": true,
  "dependencies": {
    "faker": {
      "version": "5.5.1",
      "resolved": "https://registry.npmjs.org/faker/-/faker-5.5.1.tgz",
      "integrity": "sha512-JCFXcVesClQ6RlSWmBMFQmGDAZq6hjbJAFgKALx31uPaQC6p3SWT2ojaJGD8bMQri+8VNqDOkI2F8QC+ABvZng=="
    }
  }
}
